
Microsoft Visual Studio Solution File, Format Version 12.00
# Visual Studio Version 16
VisualStudioVersion = 16.0.31424.327
MinimumVisualStudioVersion = 10.0.40219.1
Project("{8BC9CEB8-8B4A-11D0-8D11-00A0C91BC942}") = "Project13", "Project13.vcxproj", "{18B7570B-8446-44FF-B1CE-9B2B54BCD81E}"
EndProject
Global
	GlobalSection(SolutionConfigurationPlatforms) = preSolution
		Debug|x64 = Debug|x64
		Debug|x86 = Debug|x86
		Release|x64 = Release|x64
		Release|x86 = Release|x86
	EndGlobalSection
	GlobalSection(ProjectConfigurationPlatforms) = postSolution
		{18B7570B-8446-44FF-B1CE-9B2B54BCD81E}.Debug|x64.ActiveCfg = Debug|x64
		{18B7570B-8446-44FF-B1CE-9B2B54BCD81E}.Debug|x64.Build.0 = Debug|x64
		{18B7570B-8446-44FF-B1CE-9B2B54BCD81E}.Debug|x86.ActiveCfg = Debug|Win32
		{18B7570B-8446-44FF-B1CE-9B2B54BCD81E}.Debug|x86.Build.0 = Debug|Win32
		{18B7570B-8446-44FF-B1CE-9B2B54BCD81E}.Release|x64.ActiveCfg = Release|x64
		{18B7570B-8446-44FF-B1CE-9B2B54BCD81E}.Release|x64.Build.0 = Release|x64
		{18B7570B-8446-44FF-B1CE-9B2B54BCD81E}.Release|x86.ActiveCfg = Release|Win32
		{18B7570B-8446-44FF-B1CE-9B2B54BCD81E}.Release|x86.Build.0 = Release|Win32
	EndGlobalSection
	GlobalSection(SolutionProperties) = preSolution
		HideSolutionNode = FALSE
	EndGlobalSection
	GlobalSection(ExtensibilityGlobals) = postSolution
		SolutionGuid = {6957D7DC-8EA4-439A-A52B-C4AE5D163D6F}
	EndGlobalSection
EndGlobal
